
Microsoft Visual Studio Solution File, Format Version 12.00
# Visual Studio Version 16
VisualStudioVersion = 16.0.29519.87
MinimumVisualStudioVersion = 10.0.40219.1
Project("{FAE04EC0-301F-11D3-BF4B-00C04F79EFBC}") = "Jason LLC", "Jason LLC\Jason LLC.csproj", "{10205E79-C5E2-439C-B49F-63F17754585E}"
EndProject
Global
	GlobalSection(SolutionConfigurationPlatforms) = preSolution
		Debug|Any CPU = Debug|Any CPU
		Release|Any CPU = Release|Any CPU
	EndGlobalSection
	GlobalSection(ProjectConfigurationPlatforms) = postSolution
		{10205E79-C5E2-439C-B49F-63F17754585E}.Debug|Any CPU.ActiveCfg = Debug|Any CPU
		{10205E79-C5E2-439C-B49F-63F17754585E}.Debug|Any CPU.Build.0 = Debug|Any CPU
		{10205E79-C5E2-439C-B49F-63F17754585E}.Release|Any CPU.ActiveCfg = Release|Any CPU
		{10205E79-C5E2-439C-B49F-63F17754585E}.Release|Any CPU.Build.0 = Release|Any CPU
	EndGlobalSection
	GlobalSection(SolutionProperties) = preSolution
		HideSolutionNode = FALSE
	EndGlobalSection
	GlobalSection(ExtensibilityGlobals) = postSolution
		SolutionGuid = {88EA88B6-A6E2-46A5-92EA-914D24FF2655}
	EndGlobalSection
EndGlobal
